
Microsoft Visual Studio Solution File, Format Version 12.00
# Visual Studio Version 16
VisualStudioVersion = 16.0.31112.23
MinimumVisualStudioVersion = 10.0.40219.1
Project("{FAE04EC0-301F-11D3-BF4B-00C04F79EFBC}") = "Conjuracao", "Conjuracao.csproj", "{415CDE69-7AB7-495D-BE70-6A5794293F8A}"
EndProject
Global
	GlobalSection(SolutionConfigurationPlatforms) = preSolution
		Debug|Any CPU = Debug|Any CPU
		Release|Any CPU = Release|Any CPU
	EndGlobalSection
	GlobalSection(ProjectConfigurationPlatforms) = postSolution
		{415CDE69-7AB7-495D-BE70-6A5794293F8A}.Debug|Any CPU.ActiveCfg = Debug|Any CPU
		{415CDE69-7AB7-495D-BE70-6A5794293F8A}.Debug|Any CPU.Build.0 = Debug|Any CPU
		{415CDE69-7AB7-495D-BE70-6A5794293F8A}.Release|Any CPU.ActiveCfg = Release|Any CPU
		{415CDE69-7AB7-495D-BE70-6A5794293F8A}.Release|Any CPU.Build.0 = Release|Any CPU
	EndGlobalSection
	GlobalSection(SolutionProperties) = preSolution
		HideSolutionNode = FALSE
	EndGlobalSection
	GlobalSection(ExtensibilityGlobals) = postSolution
		SolutionGuid = {7B5A0A7A-2206-4E66-95C6-69E7B75442BC}
	EndGlobalSection
EndGlobal
